
Microsoft Visual Studio Solution File, Format Version 12.00
# Visual Studio 2013
VisualStudioVersion = 12.0.40629.0
MinimumVisualStudioVersion = 10.0.40219.1
Project("{FAE04EC0-301F-11D3-BF4B-00C04F79EFBC}") = "DietPlanner", "DietPlanner\DietPlanner.csproj", "{5C422A7E-3D13-48A2-A34E-170A0B7BC658}"
EndProject
Project("{FAE04EC0-301F-11D3-BF4B-00C04F79EFBC}") = "DietPlanner.Entities", "DietPlanner.Entities\DietPlanner.Entities.csproj", "{2B03DC1B-4F87-4A75-AC09-75D8E336940A}"
EndProject
Project("{FAE04EC0-301F-11D3-BF4B-00C04F79EFBC}") = "DietPlanner.Contract", "DietPlanner.Contract\DietPlanner.Contract.csproj", "{CD36BECB-AF6D-4B21-B89A-12EF2693ECB2}"
EndProject
Project("{FAE04EC0-301F-11D3-BF4B-00C04F79EFBC}") = "DietPlanner.Implementation", "DietPlanner.Implementation\DietPlanner.Implementation.csproj", "{19075B91-2BF8-43C0-BCEF-89C6BFFE008A}"
EndProject
Project("{FAE04EC0-301F-11D3-BF4B-00C04F79EFBC}") = "ConsoleApplication1", "ConsoleApplication1\ConsoleApplication1.csproj", "{2A7A7189-201B-4C17-8B99-542C444CD1B9}"
EndProject
Global
	GlobalSection(SolutionConfigurationPlatforms) = preSolution
		Debug|Any CPU = Debug|Any CPU
		Release|Any CPU = Release|Any CPU
	EndGlobalSection
	GlobalSection(ProjectConfigurationPlatforms) = postSolution
		{5C422A7E-3D13-48A2-A34E-170A0B7BC658}.Debug|Any CPU.ActiveCfg = Debug|Any CPU
		{5C422A7E-3D13-48A2-A34E-170A0B7BC658}.Debug|Any CPU.Build.0 = Debug|Any CPU
		{5C422A7E-3D13-48A2-A34E-170A0B7BC658}.Release|Any CPU.ActiveCfg = Release|Any CPU
		{5C422A7E-3D13-48A2-A34E-170A0B7BC658}.Release|Any CPU.Build.0 = Release|Any CPU
		{2B03DC1B-4F87-4A75-AC09-75D8E336940A}.Debug|Any CPU.ActiveCfg = Debug|Any CPU
		{2B03DC1B-4F87-4A75-AC09-75D8E336940A}.Debug|Any CPU.Build.0 = Debug|Any CPU
		{2B03DC1B-4F87-4A75-AC09-75D8E336940A}.Release|Any CPU.ActiveCfg = Release|Any CPU
		{2B03DC1B-4F87-4A75-AC09-75D8E336940A}.Release|Any CPU.Build.0 = Release|Any CPU
		{CD36BECB-AF6D-4B21-B89A-12EF2693ECB2}.Debug|Any CPU.ActiveCfg = Debug|Any CPU
		{CD36BECB-AF6D-4B21-B89A-12EF2693ECB2}.Debug|Any CPU.Build.0 = Debug|Any CPU
		{CD36BECB-AF6D-4B21-B89A-12EF2693ECB2}.Release|Any CPU.ActiveCfg = Release|Any CPU
		{CD36BECB-AF6D-4B21-B89A-12EF2693ECB2}.Release|Any CPU.Build.0 = Release|Any CPU
		{19075B91-2BF8-43C0-BCEF-89C6BFFE008A}.Debug|Any CPU.ActiveCfg = Debug|Any CPU
		{19075B91-2BF8-43C0-BCEF-89C6BFFE008A}.Debug|Any CPU.Build.0 = Debug|Any CPU
		{19075B91-2BF8-43C0-BCEF-89C6BFFE008A}.Release|Any CPU.ActiveCfg = Release|Any CPU
		{19075B91-2BF8-43C0-BCEF-89C6BFFE008A}.Release|Any CPU.Build.0 = Release|Any CPU
		{2A7A7189-201B-4C17-8B99-542C444CD1B9}.Debug|Any CPU.ActiveCfg = Debug|Any CPU
		{2A7A7189-201B-4C17-8B99-542C444CD1B9}.Debug|Any CPU.Build.0 = Debug|Any CPU
		{2A7A7189-201B-4C17-8B99-542C444CD1B9}.Release|Any CPU.ActiveCfg = Release|Any CPU
		{2A7A7189-201B-4C17-8B99-542C444CD1B9}.Release|Any CPU.Build.0 = Release|Any CPU
	EndGlobalSection
	GlobalSection(SolutionProperties) = preSolution
		HideSolutionNode = FALSE
	EndGlobalSection
EndGlobal
